
Microsoft Visual Studio Solution File, Format Version 10.00
# Visual Studio 2008
Project("{FAE04EC0-301F-11D3-BF4B-00C04F79EFBC}") = "MfGames", "MfGames\MfGames.csproj", "{3BABBE73-CD1D-494E-A81F-E4EA40107FA9}"
EndProject
Project("{FAE04EC0-301F-11D3-BF4B-00C04F79EFBC}") = "MfGames.Unstable", "MfGames.Unstable\MfGames.Unstable.csproj", "{6B806454-198D-4A20-B08C-D926D636E927}"
EndProject
Project("{FAE04EC0-301F-11D3-BF4B-00C04F79EFBC}") = "MfGames.Dice", "MfGames.Dice\MfGames.Dice.csproj", "{AA85C5CA-764C-4F6D-8BB4-792BE3B80367}"
EndProject
Project("{FAE04EC0-301F-11D3-BF4B-00C04F79EFBC}") = "MfGames.Lookup", "MfGames.Lookup\MfGames.Lookup.csproj", "{A88831D6-3A1E-4558-A9BC-C9D066819256}"
EndProject
Global
	GlobalSection(SolutionConfigurationPlatforms) = preSolution
		Debug|Any CPU = Debug|Any CPU
		Release|Any CPU = Release|Any CPU
	EndGlobalSection
	GlobalSection(ProjectConfigurationPlatforms) = postSolution
		{3BABBE73-CD1D-494E-A81F-E4EA40107FA9}.Debug|Any CPU.ActiveCfg = Debug|Any CPU
		{3BABBE73-CD1D-494E-A81F-E4EA40107FA9}.Debug|Any CPU.Build.0 = Debug|Any CPU
		{3BABBE73-CD1D-494E-A81F-E4EA40107FA9}.Release|Any CPU.ActiveCfg = Release|Any CPU
		{3BABBE73-CD1D-494E-A81F-E4EA40107FA9}.Release|Any CPU.Build.0 = Release|Any CPU
		{6B806454-198D-4A20-B08C-D926D636E927}.Debug|Any CPU.ActiveCfg = Debug|Any CPU
		{6B806454-198D-4A20-B08C-D926D636E927}.Debug|Any CPU.Build.0 = Debug|Any CPU
		{6B806454-198D-4A20-B08C-D926D636E927}.Release|Any CPU.ActiveCfg = Release|Any CPU
		{6B806454-198D-4A20-B08C-D926D636E927}.Release|Any CPU.Build.0 = Release|Any CPU
		{AA85C5CA-764C-4F6D-8BB4-792BE3B80367}.Debug|Any CPU.ActiveCfg = Debug|Any CPU
		{AA85C5CA-764C-4F6D-8BB4-792BE3B80367}.Debug|Any CPU.Build.0 = Debug|Any CPU
		{AA85C5CA-764C-4F6D-8BB4-792BE3B80367}.Release|Any CPU.ActiveCfg = Release|Any CPU
		{AA85C5CA-764C-4F6D-8BB4-792BE3B80367}.Release|Any CPU.Build.0 = Release|Any CPU
		{A88831D6-3A1E-4558-A9BC-C9D066819256}.Debug|Any CPU.ActiveCfg = Debug|Any CPU
		{A88831D6-3A1E-4558-A9BC-C9D066819256}.Debug|Any CPU.Build.0 = Debug|Any CPU
		{A88831D6-3A1E-4558-A9BC-C9D066819256}.Release|Any CPU.ActiveCfg = Release|Any CPU
		{A88831D6-3A1E-4558-A9BC-C9D066819256}.Release|Any CPU.Build.0 = Release|Any CPU
	EndGlobalSection
	GlobalSection(SolutionProperties) = preSolution
		HideSolutionNode = FALSE
	EndGlobalSection
	GlobalSection(MonoDevelopProperties) = preSolution
		StartupItem = MfGames\MfGames.csproj
	EndGlobalSection
EndGlobal
